
Microsoft Visual Studio Solution File, Format Version 12.00
# Visual Studio Version 17
VisualStudioVersion = 17.12.37328.8
MinimumVisualStudioVersion = 10.0.40219.1
Project("{FAE04EC0-301F-11D3-BF4B-00C04F79EFBC}") = "PhoneApp", "PhoneApp\PhoneApp.csproj", "{B8AC66BC-9BEA-4AC8-9109-DA08A11D418D}"
EndProject
Project("{FAE04EC0-301F-11D3-BF4B-00C04F79EFBC}") = "StandardLib", "StandardLib\StandardLib.csproj", "{EBBD4865-7634-43F9-B414-97E1EA24EE61}"
EndProject
Project("{FAE04EC0-301F-11D3-BF4B-00C04F79EFBC}") = "RecordingTest", "RecordingTest\RecordingTest.csproj", "{ED65A0B8-6265-400F-84FD-1385FB6E6FDD}"
EndProject
Global
	GlobalSection(SolutionConfigurationPlatforms) = preSolution
		Debug|Any CPU = Debug|Any CPU
		Release|Any CPU = Release|Any CPU
	EndGlobalSection
	GlobalSection(ProjectConfigurationPlatforms) = postSolution
		{B8AC66BC-9BEA-4AC8-9109-DA08A11D418D}.Debug|Any CPU.ActiveCfg = Debug|Any CPU
		{B8AC66BC-9BEA-4AC8-9109-DA08A11D418D}.Debug|Any CPU.Build.0 = Debug|Any CPU
		{B8AC66BC-9BEA-4AC8-9109-DA08A11D418D}.Debug|Any CPU.Deploy.0 = Debug|Any CPU
		{B8AC66BC-9BEA-4AC8-9109-DA08A11D418D}.Release|Any CPU.ActiveCfg = Release|Any CPU
		{B8AC66BC-9BEA-4AC8-9109-DA08A11D418D}.Release|Any CPU.Build.0 = Release|Any CPU
		{EBBD4865-7634-43F9-B414-97E1EA24EE61}.Debug|Any CPU.ActiveCfg = Debug|Any CPU
		{EBBD4865-7634-43F9-B414-97E1EA24EE61}.Debug|Any CPU.Build.0 = Debug|Any CPU
		{EBBD4865-7634-43F9-B414-97E1EA24EE61}.Release|Any CPU.ActiveCfg = Release|Any CPU
		{EBBD4865-7634-43F9-B414-97E1EA24EE61}.Release|Any CPU.Build.0 = Release|Any CPU
		{ED65A0B8-6265-400F-84FD-1385FB6E6FDD}.Debug|Any CPU.ActiveCfg = Debug|Any CPU
		{ED65A0B8-6265-400F-84FD-1385FB6E6FDD}.Debug|Any CPU.Build.0 = Debug|Any CPU
		{ED65A0B8-6265-400F-84FD-1385FB6E6FDD}.Debug|Any CPU.Deploy.0 = Debug|Any CPU
		{ED65A0B8-6265-400F-84FD-1385FB6E6FDD}.Release|Any CPU.ActiveCfg = Release|Any CPU
		{ED65A0B8-6265-400F-84FD-1385FB6E6FDD}.Release|Any CPU.Build.0 = Release|Any CPU
	EndGlobalSection
	GlobalSection(SolutionProperties) = preSolution
		HideSolutionNode = FALSE
	EndGlobalSection
EndGlobal
